
Microsoft Visual Studio Solution File, Format Version 12.00
# Visual Studio Version 17
VisualStudioVersion = 17.3.32819.101
MinimumVisualStudioVersion = 10.0.40219.1
Project("{FAE04EC0-301F-11D3-BF4B-00C04F79EFBC}") = "ytdownload", "ytdownload\ytdownload.csproj", "{8CFB8F9D-E3A0-48DD-BA67-86C12DBBA7ED}"
EndProject
Global
	GlobalSection(SolutionConfigurationPlatforms) = preSolution
		Debug|Any CPU = Debug|Any CPU
		Release|Any CPU = Release|Any CPU
	EndGlobalSection
	GlobalSection(ProjectConfigurationPlatforms) = postSolution
		{8CFB8F9D-E3A0-48DD-BA67-86C12DBBA7ED}.Debug|Any CPU.ActiveCfg = Debug|Any CPU
		{8CFB8F9D-E3A0-48DD-BA67-86C12DBBA7ED}.Debug|Any CPU.Build.0 = Debug|Any CPU
		{8CFB8F9D-E3A0-48DD-BA67-86C12DBBA7ED}.Release|Any CPU.ActiveCfg = Release|Any CPU
		{8CFB8F9D-E3A0-48DD-BA67-86C12DBBA7ED}.Release|Any CPU.Build.0 = Release|Any CPU
	EndGlobalSection
	GlobalSection(SolutionProperties) = preSolution
		HideSolutionNode = FALSE
	EndGlobalSection
	GlobalSection(ExtensibilityGlobals) = postSolution
		SolutionGuid = {7CA287A6-DE32-408B-A503-D8ECFD55B66A}
	EndGlobalSection
EndGlobal
